
Microsoft Visual Studio Solution File, Format Version 12.00
# Visual Studio Version 17
VisualStudioVersion = 17.4.33205.214
MinimumVisualStudioVersion = 10.0.40219.1
Project("{2150E333-8FDC-42A3-9474-1A3956D46DE8}") = "CMakePredefinedTargets", "CMakePredefinedTargets", "{9FFA2CBF-764A-34D5-8270-EB03582BBF46}"
EndProject
Project("{2150E333-8FDC-42A3-9474-1A3956D46DE8}") = "External", "External", "{FBA5FDC8-9CD7-32E4-827D-010A3D5F8629}"
EndProject
Project("{2150E333-8FDC-42A3-9474-1A3956D46DE8}") = "Internal", "Internal", "{F393E340-D788-3168-931B-D9A152F5BE0A}"
EndProject
Project("{8BC9CEB8-8B4A-11D0-8D11-00A0C91BC942}") = "WAGame", "WAGame.vcxproj", "{958ACAEB-72BE-3F91-B370-CE40A3686592}"
	ProjectSection(ProjectDependencies) = postProject
		{E969C88D-AD11-31C4-807D-375464613682} = {E969C88D-AD11-31C4-807D-375464613682}
		{6430DEB7-CBEB-3AB5-A057-3155A39B4C2E} = {6430DEB7-CBEB-3AB5-A057-3155A39B4C2E}
		{F42A066C-ABEB-3A11-AFA9-E7DEB8E60B1E} = {F42A066C-ABEB-3A11-AFA9-E7DEB8E60B1E}
		{0EA4AA3B-F314-390B-8A96-39BA78F1EA45} = {0EA4AA3B-F314-390B-8A96-39BA78F1EA45}
		{B9615BFE-BF1A-3286-8950-2F6C5877C6AC} = {B9615BFE-BF1A-3286-8950-2F6C5877C6AC}
		{C619426B-9B37-3237-90FF-5595FE3A86A8} = {C619426B-9B37-3237-90FF-5595FE3A86A8}
		{731EBD8D-0E85-345B-A6F7-0B55AB9E1713} = {731EBD8D-0E85-345B-A6F7-0B55AB9E1713}
		{652AE062-7D7D-310E-9824-718650BA70CB} = {652AE062-7D7D-310E-9824-718650BA70CB}
		{CBE76737-3D4B-3A01-9A79-07B74547BB0F} = {CBE76737-3D4B-3A01-9A79-07B74547BB0F}
		{059255CD-5D5D-317E-B990-F71353AE5D4B} = {059255CD-5D5D-317E-B990-F71353AE5D4B}
		{7F88F76D-DC70-3AC1-9195-F3BF1E9B0B31} = {7F88F76D-DC70-3AC1-9195-F3BF1E9B0B31}
		{71F462B1-FD81-3D09-A3FC-CEC01D8142B7} = {71F462B1-FD81-3D09-A3FC-CEC01D8142B7}
		{02BB670C-F0E8-3B2C-B992-1950A10A9038} = {02BB670C-F0E8-3B2C-B992-1950A10A9038}
	EndProjectSection
EndProject
Project("{8BC9CEB8-8B4A-11D0-8D11-00A0C91BC942}") = "ZERO_CHECK", "ZERO_CHECK.vcxproj", "{E969C88D-AD11-31C4-807D-375464613682}"
EndProject
Project("{8BC9CEB8-8B4A-11D0-8D11-00A0C91BC942}") = "cocos2d", "engine\cocos\core\cocos2d.vcxproj", "{6430DEB7-CBEB-3AB5-A057-3155A39B4C2E}"
	ProjectSection(ProjectDependencies) = postProject
		{E969C88D-AD11-31C4-807D-375464613682} = {E969C88D-AD11-31C4-807D-375464613682}
		{F42A066C-ABEB-3A11-AFA9-E7DEB8E60B1E} = {F42A066C-ABEB-3A11-AFA9-E7DEB8E60B1E}
		{0EA4AA3B-F314-390B-8A96-39BA78F1EA45} = {0EA4AA3B-F314-390B-8A96-39BA78F1EA45}
		{B9615BFE-BF1A-3286-8950-2F6C5877C6AC} = {B9615BFE-BF1A-3286-8950-2F6C5877C6AC}
		{C619426B-9B37-3237-90FF-5595FE3A86A8} = {C619426B-9B37-3237-90FF-5595FE3A86A8}
		{731EBD8D-0E85-345B-A6F7-0B55AB9E1713} = {731EBD8D-0E85-345B-A6F7-0B55AB9E1713}
		{652AE062-7D7D-310E-9824-718650BA70CB} = {652AE062-7D7D-310E-9824-718650BA70CB}
		{CBE76737-3D4B-3A01-9A79-07B74547BB0F} = {CBE76737-3D4B-3A01-9A79-07B74547BB0F}
		{059255CD-5D5D-317E-B990-F71353AE5D4B} = {059255CD-5D5D-317E-B990-F71353AE5D4B}
		{7F88F76D-DC70-3AC1-9195-F3BF1E9B0B31} = {7F88F76D-DC70-3AC1-9195-F3BF1E9B0B31}
		{71F462B1-FD81-3D09-A3FC-CEC01D8142B7} = {71F462B1-FD81-3D09-A3FC-CEC01D8142B7}
		{02BB670C-F0E8-3B2C-B992-1950A10A9038} = {02BB670C-F0E8-3B2C-B992-1950A10A9038}
	EndProjectSection
EndProject
Project("{8BC9CEB8-8B4A-11D0-8D11-00A0C91BC942}") = "ext_clipper", "engine\external\clipper\ext_clipper.vcxproj", "{F42A066C-ABEB-3A11-AFA9-E7DEB8E60B1E}"
	ProjectSection(ProjectDependencies) = postProject
		{E969C88D-AD11-31C4-807D-375464613682} = {E969C88D-AD11-31C4-807D-375464613682}
	EndProjectSection
EndProject
Project("{8BC9CEB8-8B4A-11D0-8D11-00A0C91BC942}") = "ext_convertUTF", "engine\external\ConvertUTF\ext_convertUTF.vcxproj", "{0EA4AA3B-F314-390B-8A96-39BA78F1EA45}"
	ProjectSection(ProjectDependencies) = postProject
		{E969C88D-AD11-31C4-807D-375464613682} = {E969C88D-AD11-31C4-807D-375464613682}
	EndProjectSection
EndProject
Project("{8BC9CEB8-8B4A-11D0-8D11-00A0C91BC942}") = "ext_edtaa3func", "engine\external\edtaa3func\ext_edtaa3func.vcxproj", "{B9615BFE-BF1A-3286-8950-2F6C5877C6AC}"
	ProjectSection(ProjectDependencies) = postProject
		{E969C88D-AD11-31C4-807D-375464613682} = {E969C88D-AD11-31C4-807D-375464613682}
	EndProjectSection
EndProject
Project("{8BC9CEB8-8B4A-11D0-8D11-00A0C91BC942}") = "ext_md5", "engine\external\md5\ext_md5.vcxproj", "{C619426B-9B37-3237-90FF-5595FE3A86A8}"
	ProjectSection(ProjectDependencies) = postProject
		{E969C88D-AD11-31C4-807D-375464613682} = {E969C88D-AD11-31C4-807D-375464613682}
	EndProjectSection
EndProject
Project("{8BC9CEB8-8B4A-11D0-8D11-00A0C91BC942}") = "ext_poly2tri", "engine\external\poly2tri\ext_poly2tri.vcxproj", "{731EBD8D-0E85-345B-A6F7-0B55AB9E1713}"
	ProjectSection(ProjectDependencies) = postProject
		{E969C88D-AD11-31C4-807D-375464613682} = {E969C88D-AD11-31C4-807D-375464613682}
	EndProjectSection
EndProject
Project("{8BC9CEB8-8B4A-11D0-8D11-00A0C91BC942}") = "ext_recast", "engine\external\recast\ext_recast.vcxproj", "{652AE062-7D7D-310E-9824-718650BA70CB}"
	ProjectSection(ProjectDependencies) = postProject
		{E969C88D-AD11-31C4-807D-375464613682} = {E969C88D-AD11-31C4-807D-375464613682}
	EndProjectSection
EndProject
Project("{8BC9CEB8-8B4A-11D0-8D11-00A0C91BC942}") = "ext_tinyxml2", "engine\external\tinyxml2\ext_tinyxml2.vcxproj", "{CBE76737-3D4B-3A01-9A79-07B74547BB0F}"
	ProjectSection(ProjectDependencies) = postProject
		{E969C88D-AD11-31C4-807D-375464613682} = {E969C88D-AD11-31C4-807D-375464613682}
	EndProjectSection
EndProject
Project("{8BC9CEB8-8B4A-11D0-8D11-00A0C91BC942}") = "ext_unzip", "engine\external\unzip\ext_unzip.vcxproj", "{059255CD-5D5D-317E-B990-F71353AE5D4B}"
	ProjectSection(ProjectDependencies) = postProject
		{E969C88D-AD11-31C4-807D-375464613682} = {E969C88D-AD11-31C4-807D-375464613682}
	EndProjectSection
EndProject
Project("{8BC9CEB8-8B4A-11D0-8D11-00A0C91BC942}") = "ext_xxhash", "engine\external\xxhash\ext_xxhash.vcxproj", "{7F88F76D-DC70-3AC1-9195-F3BF1E9B0B31}"
	ProjectSection(ProjectDependencies) = postProject
		{E969C88D-AD11-31C4-807D-375464613682} = {E969C88D-AD11-31C4-807D-375464613682}
	EndProjectSection
EndProject
Project("{8BC9CEB8-8B4A-11D0-8D11-00A0C91BC942}") = "ext_xxtea", "engine\external\xxtea\ext_xxtea.vcxproj", "{71F462B1-FD81-3D09-A3FC-CEC01D8142B7}"
	ProjectSection(ProjectDependencies) = postProject
		{E969C88D-AD11-31C4-807D-375464613682} = {E969C88D-AD11-31C4-807D-375464613682}
	EndProjectSection
EndProject
Project("{8BC9CEB8-8B4A-11D0-8D11-00A0C91BC942}") = "external", "engine\external\external.vcxproj", "{02BB670C-F0E8-3B2C-B992-1950A10A9038}"
	ProjectSection(ProjectDependencies) = postProject
		{E969C88D-AD11-31C4-807D-375464613682} = {E969C88D-AD11-31C4-807D-375464613682}
		{F42A066C-ABEB-3A11-AFA9-E7DEB8E60B1E} = {F42A066C-ABEB-3A11-AFA9-E7DEB8E60B1E}
		{0EA4AA3B-F314-390B-8A96-39BA78F1EA45} = {0EA4AA3B-F314-390B-8A96-39BA78F1EA45}
		{B9615BFE-BF1A-3286-8950-2F6C5877C6AC} = {B9615BFE-BF1A-3286-8950-2F6C5877C6AC}
		{C619426B-9B37-3237-90FF-5595FE3A86A8} = {C619426B-9B37-3237-90FF-5595FE3A86A8}
		{731EBD8D-0E85-345B-A6F7-0B55AB9E1713} = {731EBD8D-0E85-345B-A6F7-0B55AB9E1713}
		{652AE062-7D7D-310E-9824-718650BA70CB} = {652AE062-7D7D-310E-9824-718650BA70CB}
		{CBE76737-3D4B-3A01-9A79-07B74547BB0F} = {CBE76737-3D4B-3A01-9A79-07B74547BB0F}
		{059255CD-5D5D-317E-B990-F71353AE5D4B} = {059255CD-5D5D-317E-B990-F71353AE5D4B}
		{7F88F76D-DC70-3AC1-9195-F3BF1E9B0B31} = {7F88F76D-DC70-3AC1-9195-F3BF1E9B0B31}
		{71F462B1-FD81-3D09-A3FC-CEC01D8142B7} = {71F462B1-FD81-3D09-A3FC-CEC01D8142B7}
	EndProjectSection
EndProject
Global
	GlobalSection(SolutionConfigurationPlatforms) = preSolution
		Debug|Win32 = Debug|Win32
		Release|Win32 = Release|Win32
	EndGlobalSection
	GlobalSection(ProjectConfigurationPlatforms) = postSolution
		{958ACAEB-72BE-3F91-B370-CE40A3686592}.Debug|Win32.ActiveCfg = Debug|Win32
		{958ACAEB-72BE-3F91-B370-CE40A3686592}.Debug|Win32.Build.0 = Debug|Win32
		{958ACAEB-72BE-3F91-B370-CE40A3686592}.Release|Win32.ActiveCfg = Release|Win32
		{958ACAEB-72BE-3F91-B370-CE40A3686592}.Release|Win32.Build.0 = Release|Win32
		{E969C88D-AD11-31C4-807D-375464613682}.Debug|Win32.ActiveCfg = Debug|Win32
		{E969C88D-AD11-31C4-807D-375464613682}.Debug|Win32.Build.0 = Debug|Win32
		{E969C88D-AD11-31C4-807D-375464613682}.Release|Win32.ActiveCfg = Release|Win32
		{E969C88D-AD11-31C4-807D-375464613682}.Release|Win32.Build.0 = Release|Win32
		{6430DEB7-CBEB-3AB5-A057-3155A39B4C2E}.Debug|Win32.ActiveCfg = Debug|Win32
		{6430DEB7-CBEB-3AB5-A057-3155A39B4C2E}.Debug|Win32.Build.0 = Debug|Win32
		{6430DEB7-CBEB-3AB5-A057-3155A39B4C2E}.Release|Win32.ActiveCfg = Release|Win32
		{6430DEB7-CBEB-3AB5-A057-3155A39B4C2E}.Release|Win32.Build.0 = Release|Win32
		{F42A066C-ABEB-3A11-AFA9-E7DEB8E60B1E}.Debug|Win32.ActiveCfg = Debug|Win32
		{F42A066C-ABEB-3A11-AFA9-E7DEB8E60B1E}.Debug|Win32.Build.0 = Debug|Win32
		{F42A066C-ABEB-3A11-AFA9-E7DEB8E60B1E}.Release|Win32.ActiveCfg = Release|Win32
		{F42A066C-ABEB-3A11-AFA9-E7DEB8E60B1E}.Release|Win32.Build.0 = Release|Win32
		{0EA4AA3B-F314-390B-8A96-39BA78F1EA45}.Debug|Win32.ActiveCfg = Debug|Win32
		{0EA4AA3B-F314-390B-8A96-39BA78F1EA45}.Debug|Win32.Build.0 = Debug|Win32
		{0EA4AA3B-F314-390B-8A96-39BA78F1EA45}.Release|Win32.ActiveCfg = Release|Win32
		{0EA4AA3B-F314-390B-8A96-39BA78F1EA45}.Release|Win32.Build.0 = Release|Win32
		{B9615BFE-BF1A-3286-8950-2F6C5877C6AC}.Debug|Win32.ActiveCfg = Debug|Win32
		{B9615BFE-BF1A-3286-8950-2F6C5877C6AC}.Debug|Win32.Build.0 = Debug|Win32
		{B9615BFE-BF1A-3286-8950-2F6C5877C6AC}.Release|Win32.ActiveCfg = Release|Win32
		{B9615BFE-BF1A-3286-8950-2F6C5877C6AC}.Release|Win32.Build.0 = Release|Win32
		{C619426B-9B37-3237-90FF-5595FE3A86A8}.Debug|Win32.ActiveCfg = Debug|Win32
		{C619426B-9B37-3237-90FF-5595FE3A86A8}.Debug|Win32.Build.0 = Debug|Win32
		{C619426B-9B37-3237-90FF-5595FE3A86A8}.Release|Win32.ActiveCfg = Release|Win32
		{C619426B-9B37-3237-90FF-5595FE3A86A8}.Release|Win32.Build.0 = Release|Win32
		{731EBD8D-0E85-345B-A6F7-0B55AB9E1713}.Debug|Win32.ActiveCfg = Debug|Win32
		{731EBD8D-0E85-345B-A6F7-0B55AB9E1713}.Debug|Win32.Build.0 = Debug|Win32
		{731EBD8D-0E85-345B-A6F7-0B55AB9E1713}.Release|Win32.ActiveCfg = Release|Win32
		{731EBD8D-0E85-345B-A6F7-0B55AB9E1713}.Release|Win32.Build.0 = Release|Win32
		{652AE062-7D7D-310E-9824-718650BA70CB}.Debug|Win32.ActiveCfg = Debug|Win32
		{652AE062-7D7D-310E-9824-718650BA70CB}.Debug|Win32.Build.0 = Debug|Win32
		{652AE062-7D7D-310E-9824-718650BA70CB}.Release|Win32.ActiveCfg = Release|Win32
		{652AE062-7D7D-310E-9824-718650BA70CB}.Release|Win32.Build.0 = Release|Win32
		{CBE76737-3D4B-3A01-9A79-07B74547BB0F}.Debug|Win32.ActiveCfg = Debug|Win32
		{CBE76737-3D4B-3A01-9A79-07B74547BB0F}.Debug|Win32.Build.0 = Debug|Win32
		{CBE76737-3D4B-3A01-9A79-07B74547BB0F}.Release|Win32.ActiveCfg = Release|Win32
		{CBE76737-3D4B-3A01-9A79-07B74547BB0F}.Release|Win32.Build.0 = Release|Win32
		{059255CD-5D5D-317E-B990-F71353AE5D4B}.Debug|Win32.ActiveCfg = Debug|Win32
		{059255CD-5D5D-317E-B990-F71353AE5D4B}.Debug|Win32.Build.0 = Debug|Win32
		{059255CD-5D5D-317E-B990-F71353AE5D4B}.Release|Win32.ActiveCfg = Release|Win32
		{059255CD-5D5D-317E-B990-F71353AE5D4B}.Release|Win32.Build.0 = Release|Win32
		{7F88F76D-DC70-3AC1-9195-F3BF1E9B0B31}.Debug|Win32.ActiveCfg = Debug|Win32
		{7F88F76D-DC70-3AC1-9195-F3BF1E9B0B31}.Debug|Win32.Build.0 = Debug|Win32
		{7F88F76D-DC70-3AC1-9195-F3BF1E9B0B31}.Release|Win32.ActiveCfg = Release|Win32
		{7F88F76D-DC70-3AC1-9195-F3BF1E9B0B31}.Release|Win32.Build.0 = Release|Win32
		{71F462B1-FD81-3D09-A3FC-CEC01D8142B7}.Debug|Win32.ActiveCfg = Debug|Win32
		{71F462B1-FD81-3D09-A3FC-CEC01D8142B7}.Debug|Win32.Build.0 = Debug|Win32
		{71F462B1-FD81-3D09-A3FC-CEC01D8142B7}.Release|Win32.ActiveCfg = Release|Win32
		{71F462B1-FD81-3D09-A3FC-CEC01D8142B7}.Release|Win32.Build.0 = Release|Win32
		{02BB670C-F0E8-3B2C-B992-1950A10A9038}.Debug|Win32.ActiveCfg = Debug|Win32
		{02BB670C-F0E8-3B2C-B992-1950A10A9038}.Debug|Win32.Build.0 = Debug|Win32
		{02BB670C-F0E8-3B2C-B992-1950A10A9038}.Release|Win32.ActiveCfg = Release|Win32
		{02BB670C-F0E8-3B2C-B992-1950A10A9038}.Release|Win32.Build.0 = Release|Win32
	EndGlobalSection
	GlobalSection(SolutionProperties) = preSolution
		HideSolutionNode = FALSE
	EndGlobalSection
	GlobalSection(NestedProjects) = preSolution
		{E969C88D-AD11-31C4-807D-375464613682} = {9FFA2CBF-764A-34D5-8270-EB03582BBF46}
		{6430DEB7-CBEB-3AB5-A057-3155A39B4C2E} = {F393E340-D788-3168-931B-D9A152F5BE0A}
		{F42A066C-ABEB-3A11-AFA9-E7DEB8E60B1E} = {FBA5FDC8-9CD7-32E4-827D-010A3D5F8629}
		{0EA4AA3B-F314-390B-8A96-39BA78F1EA45} = {FBA5FDC8-9CD7-32E4-827D-010A3D5F8629}
		{B9615BFE-BF1A-3286-8950-2F6C5877C6AC} = {FBA5FDC8-9CD7-32E4-827D-010A3D5F8629}
		{C619426B-9B37-3237-90FF-5595FE3A86A8} = {FBA5FDC8-9CD7-32E4-827D-010A3D5F8629}
		{731EBD8D-0E85-345B-A6F7-0B55AB9E1713} = {FBA5FDC8-9CD7-32E4-827D-010A3D5F8629}
		{652AE062-7D7D-310E-9824-718650BA70CB} = {FBA5FDC8-9CD7-32E4-827D-010A3D5F8629}
		{CBE76737-3D4B-3A01-9A79-07B74547BB0F} = {FBA5FDC8-9CD7-32E4-827D-010A3D5F8629}
		{059255CD-5D5D-317E-B990-F71353AE5D4B} = {FBA5FDC8-9CD7-32E4-827D-010A3D5F8629}
		{7F88F76D-DC70-3AC1-9195-F3BF1E9B0B31} = {FBA5FDC8-9CD7-32E4-827D-010A3D5F8629}
		{71F462B1-FD81-3D09-A3FC-CEC01D8142B7} = {FBA5FDC8-9CD7-32E4-827D-010A3D5F8629}
		{02BB670C-F0E8-3B2C-B992-1950A10A9038} = {FBA5FDC8-9CD7-32E4-827D-010A3D5F8629}
	EndGlobalSection
	GlobalSection(ExtensibilityGlobals) = postSolution
		SolutionGuid = {79EE4210-5A27-35F0-9F9F-8BD5E79F1C97}
	EndGlobalSection
EndGlobal
