<?xml version="1.0" encoding="utf-8"?>
<Project ToolsVersion="17.0" xmlns="http://schemas.microsoft.com/developer/msbuild/2003">
  <ItemGroup>
    <ClCompile Include="C:\Users\21263\OneDrive\WAGame\Classes\AppDelegate.cpp">
      <Filter>Source Files\Classes</Filter>
    </ClCompile>
    <ClCompile Include="..\Classes\MainMenuScene.cpp">
      <Filter>Source Files\Classes</Filter>
    </ClCompile>
    <ClCompile Include="C:\Users\21263\OneDrive\WAGame\proj.win32\main.cpp">
      <Filter>Source Files\Classes\proj.win32</Filter>
    </ClCompile>
    <ClCompile Include="C:\Users\21263\OneDrive\WAGame\cocos2d\cocos\precheader.cpp">
      <Filter>Source Files</Filter>
    </ClCompile>
    <ClCompile Include="GameScene.cpp">
      <Filter>Source Files\Classes</Filter>
    </ClCompile>
    <ClCompile Include="GameOverScene.cpp">
      <Filter>Source Files\Classes</Filter>
    </ClCompile>
    <ClCompile Include="PauseScene.cpp">
      <Filter>Source Files\Classes</Filter>
    </ClCompile>
  </ItemGroup>
  <ItemGroup>
    <ClInclude Include="C:\Users\21263\OneDrive\WAGame\Classes\AppDelegate.h">
      <Filter>Source Files\Classes</Filter>
    </ClInclude>
    <ClInclude Include="..\Classes\MainMenuScene.h">
      <Filter>Source Files\Classes</Filter>
    </ClInclude>
    <ClInclude Include="C:\Users\21263\OneDrive\WAGame\proj.win32\main.h">
      <Filter>Source Files\Classes\proj.win32</Filter>
    </ClInclude>
    <ClInclude Include="C:\Users\21263\OneDrive\WAGame\proj.win32\resource.h">
      <Filter>Source Files\Classes\proj.win32</Filter>
    </ClInclude>
    <ClInclude Include="C:\Users\21263\OneDrive\WAGame\Resources\fonts\Marker Felt.ttf">
      <Filter>Resources\fonts</Filter>
    </ClInclude>
    <ClInclude Include="C:\Users\21263\OneDrive\WAGame\Resources\fonts\arial.ttf">
      <Filter>Resources\fonts</Filter>
    </ClInclude>
    <ClInclude Include="C:\Users\21263\OneDrive\WAGame\Resources\res\.gitkeep">
      <Filter>Resources\res</Filter>
    </ClInclude>
    <ClInclude Include="GameScene.h">
      <Filter>Source Files\Classes</Filter>
    </ClInclude>
    <ClInclude Include="GameOverScene.h">
      <Filter>Source Files\Classes</Filter>
    </ClInclude>
    <ClInclude Include="PauseScene.h">
      <Filter>Source Files\Classes</Filter>
    </ClInclude>
  </ItemGroup>
  <ItemGroup>
    <CustomBuild Include="C:\Users\21263\OneDrive\WAGame\CMakeLists.txt" />
  </ItemGroup>
  <ItemGroup>
    <ResourceCompile Include="C:\Users\21263\OneDrive\WAGame\proj.win32\game.rc">
      <Filter>Source Files\Classes\proj.win32</Filter>
    </ResourceCompile>
  </ItemGroup>
  <ItemGroup>
    <Filter Include="Resources">
      <UniqueIdentifier>{DF9ACB8B-8BD2-3C35-8088-AFE984F877A7}</UniqueIdentifier>
    </Filter>
    <Filter Include="Resources\fonts">
      <UniqueIdentifier>{1B56D598-4EF1-3F3A-9BC5-5562F56B18A3}</UniqueIdentifier>
    </Filter>
    <Filter Include="Resources\res">
      <UniqueIdentifier>{2920D623-5B67-3BF5-94B6-C6B3207CBE5D}</UniqueIdentifier>
    </Filter>
    <Filter Include="Source Files">
      <UniqueIdentifier>{E0EB0EF7-A3C4-3C7A-9A1B-2FAB0C5EA644}</UniqueIdentifier>
    </Filter>
    <Filter Include="Source Files\Classes">
      <UniqueIdentifier>{660D10F4-2F4B-3BB5-916A-1D672F23A5D5}</UniqueIdentifier>
    </Filter>
    <Filter Include="Source Files\Classes\proj.win32">
      <UniqueIdentifier>{2AEE6C08-A071-3D2C-A22F-E956DE9AD710}</UniqueIdentifier>
    </Filter>
  </ItemGroup>
</Project>